
Microsoft Visual Studio Solution File, Format Version 12.00
# Visual Studio Version 17
VisualStudioVersion = 17.9.34607.119
MinimumVisualStudioVersion = 10.0.40219.1
Project("{FAE04EC0-301F-11D3-BF4B-00C04F79EFBC}") = "SmashGames.Server", "SmashGames.Server\SmashGames.Server.csproj", "{A616A50C-3B7A-42B6-9AF6-27EC4D268B71}"
EndProject
Project("{54A90642-561A-4BB1-A94E-469ADEE60C69}") = "smashgames.client", "smashgames.client\smashgames.client.esproj", "{3BBB42B4-9B2F-4A59-8604-0B4CAC655400}"
EndProject
Global
	GlobalSection(SolutionConfigurationPlatforms) = preSolution
		Debug|Any CPU = Debug|Any CPU
		Release|Any CPU = Release|Any CPU
	EndGlobalSection
	GlobalSection(ProjectConfigurationPlatforms) = postSolution
		{A616A50C-3B7A-42B6-9AF6-27EC4D268B71}.Debug|Any CPU.ActiveCfg = Debug|Any CPU
		{A616A50C-3B7A-42B6-9AF6-27EC4D268B71}.Debug|Any CPU.Build.0 = Debug|Any CPU
		{A616A50C-3B7A-42B6-9AF6-27EC4D268B71}.Release|Any CPU.ActiveCfg = Release|Any CPU
		{A616A50C-3B7A-42B6-9AF6-27EC4D268B71}.Release|Any CPU.Build.0 = Release|Any CPU
		{3BBB42B4-9B2F-4A59-8604-0B4CAC655400}.Debug|Any CPU.ActiveCfg = Debug|Any CPU
		{3BBB42B4-9B2F-4A59-8604-0B4CAC655400}.Debug|Any CPU.Build.0 = Debug|Any CPU
		{3BBB42B4-9B2F-4A59-8604-0B4CAC655400}.Debug|Any CPU.Deploy.0 = Debug|Any CPU
		{3BBB42B4-9B2F-4A59-8604-0B4CAC655400}.Release|Any CPU.ActiveCfg = Release|Any CPU
		{3BBB42B4-9B2F-4A59-8604-0B4CAC655400}.Release|Any CPU.Build.0 = Release|Any CPU
		{3BBB42B4-9B2F-4A59-8604-0B4CAC655400}.Release|Any CPU.Deploy.0 = Release|Any CPU
	EndGlobalSection
	GlobalSection(SolutionProperties) = preSolution
		HideSolutionNode = FALSE
	EndGlobalSection
	GlobalSection(ExtensibilityGlobals) = postSolution
		SolutionGuid = {374CC168-D214-4398-893B-08CF667A3510}
	EndGlobalSection
EndGlobal
